
Microsoft Visual Studio Solution File, Format Version 12.00
# Visual Studio Version 17
VisualStudioVersion = 17.4.33103.184
MinimumVisualStudioVersion = 10.0.40219.1
Project("{8BC9CEB8-8B4A-11D0-8D11-00A0C91BC942}") = "MWBDiff", "MWBDiff.vcxproj", "{428916E0-920B-47A2-B9D5-F58B9160419B}"
EndProject
Global
	GlobalSection(SolutionConfigurationPlatforms) = preSolution
		Debug|x64 = Debug|x64
		Debug|x86 = Debug|x86
		Release|x64 = Release|x64
		Release|x86 = Release|x86
	EndGlobalSection
	GlobalSection(ProjectConfigurationPlatforms) = postSolution
		{428916E0-920B-47A2-B9D5-F58B9160419B}.Debug|x64.ActiveCfg = Debug|x64
		{428916E0-920B-47A2-B9D5-F58B9160419B}.Debug|x64.Build.0 = Debug|x64
		{428916E0-920B-47A2-B9D5-F58B9160419B}.Debug|x86.ActiveCfg = Debug|Win32
		{428916E0-920B-47A2-B9D5-F58B9160419B}.Debug|x86.Build.0 = Debug|Win32
		{428916E0-920B-47A2-B9D5-F58B9160419B}.Release|x64.ActiveCfg = Release|x64
		{428916E0-920B-47A2-B9D5-F58B9160419B}.Release|x64.Build.0 = Release|x64
		{428916E0-920B-47A2-B9D5-F58B9160419B}.Release|x86.ActiveCfg = Release|Win32
		{428916E0-920B-47A2-B9D5-F58B9160419B}.Release|x86.Build.0 = Release|Win32
	EndGlobalSection
	GlobalSection(SolutionProperties) = preSolution
		HideSolutionNode = FALSE
	EndGlobalSection
	GlobalSection(ExtensibilityGlobals) = postSolution
		SolutionGuid = {75DEF2E0-1A28-4872-95CE-227A7DF64C83}
	EndGlobalSection
EndGlobal
